
Microsoft Visual Studio Solution File, Format Version 12.00
# Visual Studio Version 16
VisualStudioVersion = 16.0.30011.22
MinimumVisualStudioVersion = 10.0.40219.1
Project("{9A19103F-16F7-4668-BE54-9A1E7A4F7556}") = "tp2skunkapi", "tp2skunkapi.csproj", "{39A54730-AF0D-4373-A317-97BAC595B60A}"
EndProject
Project("{FAE04EC0-301F-11D3-BF4B-00C04F79EFBC}") = "tp2skunkapitest", "..\tp2skunkapitest\tp2skunkapitest.csproj", "{DDCB9D28-938E-402C-A008-359980353BEF}"
EndProject
Global
	GlobalSection(SolutionConfigurationPlatforms) = preSolution
		Debug|Any CPU = Debug|Any CPU
		Release|Any CPU = Release|Any CPU
	EndGlobalSection
	GlobalSection(ProjectConfigurationPlatforms) = postSolution
		{39A54730-AF0D-4373-A317-97BAC595B60A}.Debug|Any CPU.ActiveCfg = Debug|Any CPU
		{39A54730-AF0D-4373-A317-97BAC595B60A}.Debug|Any CPU.Build.0 = Debug|Any CPU
		{39A54730-AF0D-4373-A317-97BAC595B60A}.Release|Any CPU.ActiveCfg = Release|Any CPU
		{39A54730-AF0D-4373-A317-97BAC595B60A}.Release|Any CPU.Build.0 = Release|Any CPU
		{DDCB9D28-938E-402C-A008-359980353BEF}.Debug|Any CPU.ActiveCfg = Debug|Any CPU
		{DDCB9D28-938E-402C-A008-359980353BEF}.Debug|Any CPU.Build.0 = Debug|Any CPU
		{DDCB9D28-938E-402C-A008-359980353BEF}.Release|Any CPU.ActiveCfg = Release|Any CPU
		{DDCB9D28-938E-402C-A008-359980353BEF}.Release|Any CPU.Build.0 = Release|Any CPU
	EndGlobalSection
	GlobalSection(SolutionProperties) = preSolution
		HideSolutionNode = FALSE
	EndGlobalSection
	GlobalSection(ExtensibilityGlobals) = postSolution
		SolutionGuid = {5CD9E932-30AF-4F4A-BE3B-4C1BD7DDF26C}
	EndGlobalSection
EndGlobal
